// !$*UTF8*$!
{
	archiveVersion = 1;
	classes = {
	};
	objectVersion = 55;
	objects = {

/* Begin PBXBuildFile section */
		3E5C6DA52848B09000720FE8 /* AnimationPlanner in Frameworks */ = {isa = PBXBuildFile; productRef = 3E5C6DA42848B09000720FE8 /* AnimationPlanner */; };
		3E5C6DA72848C27B00720FE8 /* CAMediaTimingFunction.swift in Sources */ = {isa = PBXBuildFile; fileRef = 3E5C6DA62848C27B00720FE8 /* CAMediaTimingFunction.swift */; };
		3EF52D5D2848AEC7000F8222 /* AppDelegate.swift in Sources */ = {isa = PBXBuildFile; fileRef = 3EF52D5C2848AEC7000F8222 /* AppDelegate.swift */; };
		3EF52D5F2848AEC7000F8222 /* SceneDelegate.swift in Sources */ = {isa = PBXBuildFile; fileRef = 3EF52D5E2848AEC7000F8222 /* SceneDelegate.swift */; };
		3EF52D612848AEC7000F8222 /* ViewController.swift in Sources */ = {isa = PBXBuildFile; fileRef = 3EF52D602848AEC7000F8222 /* ViewController.swift */; };
		3EF52D642848AEC7000F8222 /* Main.storyboard in Resources */ = {isa = PBXBuildFile; fileRef = 3EF52D622848AEC7000F8222 /* Main.storyboard */; };
		3EF52D662848AEC8000F8222 /* Assets.xcassets in Resources */ = {isa = PBXBuildFile; fileRef = 3EF52D652848AEC8000F8222 /* Assets.xcassets */; };
		3EF52D692848AEC8000F8222 /* LaunchScreen.storyboard in Resources */ = {isa = PBXBuildFile; fileRef = 3EF52D672848AEC8000F8222 /* LaunchScreen.storyboard */; };
/* End PBXBuildFile section */

/* Begin PBXFileReference section */
		3E5C6DA62848C27B00720FE8 /* CAMediaTimingFunction.swift */ = {isa = PBXFileReference; lastKnownFileType = sourcecode.swift; path = CAMediaTimingFunction.swift; sourceTree = "<group>"; };
		3EF52D592848AEC7000F8222 /* AnimationPlanner-Sample.app */ = {isa = PBXFileReference; explicitFileType = wrapper.application; includeInIndex = 0; path = "AnimationPlanner-Sample.app"; sourceTree = BUILT_PRODUCTS_DIR; };
		3EF52D5C2848AEC7000F8222 /* AppDelegate.swift */ = {isa = PBXFileReference; lastKnownFileType = sourcecode.swift; path = AppDelegate.swift; sourceTree = "<group>"; };
		3EF52D5E2848AEC7000F8222 /* SceneDelegate.swift */ = {isa = PBXFileReference; lastKnownFileType = sourcecode.swift; path = SceneDelegate.swift; sourceTree = "<group>"; };
		3EF52D602848AEC7000F8222 /* ViewController.swift */ = {isa = PBXFileReference; lastKnownFileType = sourcecode.swift; path = ViewController.swift; sourceTree = "<group>"; };
		3EF52D632848AEC7000F8222 /* Base */ = {isa = PBXFileReference; lastKnownFileType = file.storyboard; name = Base; path = Base.lproj/Main.storyboard; sourceTree = "<group>"; };
		3EF52D652848AEC8000F8222 /* Assets.xcassets */ = {isa = PBXFileReference; lastKnownFileType = folder.assetcatalog; path = Assets.xcassets; sourceTree = "<group>"; };
		3EF52D682848AEC8000F8222 /* Base */ = {isa = PBXFileReference; lastKnownFileType = file.storyboard; name = Base; path = Base.lproj/LaunchScreen.storyboard; sourceTree = "<group>"; };
		3EF52D6A2848AEC8000F8222 /* Info.plist */ = {isa = PBXFileReference; lastKnownFileType = text.plist.xml; path = Info.plist; sourceTree = "<group>"; };
		3EF52D772848B070000F8222 /* AnimationPlanner */ = {isa = PBXFileReference; lastKnownFileType = wrapper; name = AnimationPlanner; path = ../..; sourceTree = "<group>"; };
/* End PBXFileReference section */

/* Begin PBXFrameworksBuildPhase section */
		3EF52D562848AEC7000F8222 /* Frameworks */ = {
			isa = PBXFrameworksBuildPhase;
			buildActionMask = 2147483647;
			files = (
				3E5C6DA52848B09000720FE8 /* AnimationPlanner in Frameworks */,
			);
			runOnlyForDeploymentPostprocessing = 0;
		};
/* End PBXFrameworksBuildPhase section */

/* Begin PBXGroup section */
		3E5C6DA32848B09000720FE8 /* Frameworks */ = {
			isa = PBXGroup;
			children = (
			);
			name = Frameworks;
			sourceTree = "<group>";
		};
		3EF52D502848AEC7000F8222 = {
			isa = PBXGroup;
			children = (
				3EF52D762848B070000F8222 /* Packages */,
				3EF52D5B2848AEC7000F8222 /* AnimationPlanner-Sample */,
				3EF52D5A2848AEC7000F8222 /* Products */,
				3E5C6DA32848B09000720FE8 /* Frameworks */,
			);
			sourceTree = "<group>";
		};
		3EF52D5A2848AEC7000F8222 /* Products */ = {
			isa = PBXGroup;
			children = (
				3EF52D592848AEC7000F8222 /* AnimationPlanner-Sample.app */,
			);
			name = Products;
			sourceTree = "<group>";
		};
		3EF52D5B2848AEC7000F8222 /* AnimationPlanner-Sample */ = {
			isa = PBXGroup;
			children = (
				3EF52D5C2848AEC7000F8222 /* AppDelegate.swift */,
				3EF52D5E2848AEC7000F8222 /* SceneDelegate.swift */,
				3EF52D602848AEC7000F8222 /* ViewController.swift */,
				3E5C6DA62848C27B00720FE8 /* CAMediaTimingFunction.swift */,
				3EF52D622848AEC7000F8222 /* Main.storyboard */,
				3EF52D652848AEC8000F8222 /* Assets.xcassets */,
				3EF52D672848AEC8000F8222 /* LaunchScreen.storyboard */,
				3EF52D6A2848AEC8000F8222 /* Info.plist */,
			);
			path = "AnimationPlanner-Sample";
			sourceTree = "<group>";
		};
		3EF52D762848B070000F8222 /* Packages */ = {
			isa = PBXGroup;
			children = (
				3EF52D772848B070000F8222 /* AnimationPlanner */,
			);
			name = Packages;
			sourceTree = "<group>";
		};
/* End PBXGroup section */

/* Begin PBXNativeTarget section */
		3EF52D582848AEC7000F8222 /* AnimationPlanner-Sample */ = {
			isa = PBXNativeTarget;
			buildConfigurationList = 3EF52D6D2848AEC8000F8222 /* Build configuration list for PBXNativeTarget "AnimationPlanner-Sample" */;
			buildPhases = (
				3EF52D552848AEC7000F8222 /* Sources */,
				3EF52D562848AEC7000F8222 /* Frameworks */,
				3EF52D572848AEC7000F8222 /* Resources */,
			);
			buildRules = (
			);
			dependencies = (
			);
			name = "AnimationPlanner-Sample";
			packageProductDependencies = (
				3E5C6DA42848B09000720FE8 /* AnimationPlanner */,
			);
			productName = "AnimationPlanner-Sample";
			productReference = 3EF52D592848AEC7000F8222 /* AnimationPlanner-Sample.app */;
			productType = "com.apple.product-type.application";
		};
/* End PBXNativeTarget section */

/* Begin PBXProject section */
		3EF52D512848AEC7000F8222 /* Project object */ = {
			isa = PBXProject;
			attributes = {
				BuildIndependentTargetsInParallel = 1;
				LastSwiftUpdateCheck = 1340;
				LastUpgradeCheck = 1340;
				TargetAttributes = {
					3EF52D582848AEC7000F8222 = {
						CreatedOnToolsVersion = 13.4;
					};
				};
			};
			buildConfigurationList = 3EF52D542848AEC7000F8222 /* Build configuration list for PBXProject "AnimationPlanner-Sample" */;
			compatibilityVersion = "Xcode 13.0";
			developmentRegion = en;
			hasScannedForEncodings = 0;
			knownRegions = (
				en,
				Base,
			);
			mainGroup = 3EF52D502848AEC7000F8222;
			productRefGroup = 3EF52D5A2848AEC7000F8222 /* Products */;
			projectDirPath = "";
			projectRoot = "";
			targets = (
				3EF52D582848AEC7000F8222 /* AnimationPlanner-Sample */,
			);
		};
/* End PBXProject section */

/* Begin PBXResourcesBuildPhase section */
		3EF52D572848AEC7000F8222 /* Resources */ = {
			isa = PBXResourcesBuildPhase;
			buildActionMask = 2147483647;
			files = (
				3EF52D692848AEC8000F8222 /* LaunchScreen.storyboard in Resources */,
				3EF52D662848AEC8000F8222 /* Assets.xcassets in Resources */,
				3EF52D642848AEC7000F8222 /* Main.storyboard in Resources */,
			);
			runOnlyForDeploymentPostprocessing = 0;
		};
/* End PBXResourcesBuildPhase section */

/* Begin PBXSourcesBuildPhase section */
		3EF52D552848AEC7000F8222 /* Sources */ = {
			isa = PBXSourcesBuildPhase;
			buildActionMask = 2147483647;
			files = (
				3E5C6DA72848C27B00720FE8 /* CAMediaTimingFunction.swift in Sources */,
				3EF52D612848AEC7000F8222 /* ViewController.swift in Sources */,
				3EF52D5D2848AEC7000F8222 /* AppDelegate.swift in Sources */,
				3EF52D5F2848AEC7000F8222 /* SceneDelegate.swift in Sources */,
			);
			runOnlyForDeploymentPostprocessing = 0;
		};
/* End PBXSourcesBuildPhase section */

/* Begin PBXVariantGroup section */
		3EF52D622848AEC7000F8222 /* Main.storyboard */ = {
			isa = PBXVariantGroup;
			children = (
				3EF52D632848AEC7000F8222 /* Base */,
			);
			name = Main.storyboard;
			sourceTree = "<group>";
		};
		3EF52D672848AEC8000F8222 /* LaunchScreen.storyboard */ = {
			isa = PBXVariantGroup;
			children = (
				3EF52D682848AEC8000F8222 /* Base */,
			);
			name = LaunchScreen.storyboard;
			sourceTree = "<group>";
		};
/* End PBXVariantGroup section */

/* Begin XCBuildConfiguration section */
		3EF52D6B2848AEC8000F8222 /* Debug */ = {
			isa = XCBuildConfiguration;
			buildSettings = {
				ALWAYS_SEARCH_USER_PATHS = NO;
				CLANG_ANALYZER_NONNULL = YES;
				CLANG_ANALYZER_NUMBER_OBJECT_CONVERSION = YES_AGGRESSIVE;
				CLANG_CXX_LANGUAGE_STANDARD = "gnu++17";
				CLANG_ENABLE_MODULES = YES;
				CLANG_ENABLE_OBJC_ARC = YES;
				CLANG_ENABLE_OBJC_WEAK = YES;
				CLANG_WARN_BLOCK_CAPTURE_AUTORELEASING = YES;
				CLANG_WARN_BOOL_CONVERSION = YES;
				CLANG_WARN_COMMA = YES;
				CLANG_WARN_CONSTANT_CONVERSION = YES;
				CLANG_WARN_DEPRECATED_OBJC_IMPLEMENTATIONS = YES;
				CLANG_WARN_DIRECT_OBJC_ISA_USAGE = YES_ERROR;
				CLANG_WARN_DOCUMENTATION_COMMENTS = YES;
				CLANG_WARN_EMPTY_BODY = YES;
				CLANG_WARN_ENUM_CONVERSION = YES;
				CLANG_WARN_INFINITE_RECURSION = YES;
				CLANG_WARN_INT_CONVERSION = YES;
				CLANG_WARN_NON_LITERAL_NULL_CONVERSION = YES;
				CLANG_WARN_OBJC_IMPLICIT_RETAIN_SELF = YES;
				CLANG_WARN_OBJC_LITERAL_CONVERSION = YES;
				CLANG_WARN_OBJC_ROOT_CLASS = YES_ERROR;
				CLANG_WARN_QUOTED_INCLUDE_IN_FRAMEWORK_HEADER = YES;
				CLANG_WARN_RANGE_LOOP_ANALYSIS = YES;
				CLANG_WARN_STRICT_PROTOTYPES = YES;
				CLANG_WARN_SUSPICIOUS_MOVE = YES;
				CLANG_WARN_UNGUARDED_AVAILABILITY = YES_AGGRESSIVE;
				CLANG_WARN_UNREACHABLE_CODE = YES;
				CLANG_WARN__DUPLICATE_METHOD_MATCH = YES;
				COPY_PHASE_STRIP = NO;
				DEBUG_INFORMATION_FORMAT = dwarf;
				ENABLE_STRICT_OBJC_MSGSEND = YES;
				ENABLE_TESTABILITY = YES;
				GCC_C_LANGUAGE_STANDARD = gnu11;
				GCC_DYNAMIC_NO_PIC = NO;
				GCC_NO_COMMON_BLOCKS = YES;
				GCC_OPTIMIZATION_LEVEL = 0;
				GCC_PREPROCESSOR_DEFINITIONS = (
					"DEBUG=1",
					"$(inherited)",
				);
				GCC_WARN_64_TO_32_BIT_CONVERSION = YES;
				GCC_WARN_ABOUT_RETURN_TYPE = YES_ERROR;
				GCC_WARN_UNDECLARED_SELECTOR = YES;
				GCC_WARN_UNINITIALIZED_AUTOS = YES_AGGRESSIVE;
				GCC_WARN_UNUSED_FUNCTION = YES;
				GCC_WARN_UNUSED_VARIABLE = YES;
				IPHONEOS_DEPLOYMENT_TARGET = 15.5;
				MTL_ENABLE_DEBUG_INFO = INCLUDE_SOURCE;
				MTL_FAST_MATH = YES;
				ONLY_ACTIVE_ARCH = YES;
				SDKROOT = iphoneos;
				SWIFT_ACTIVE_COMPILATION_CONDITIONS = DEBUG;
				SWIFT_OPTIMIZATION_LEVEL = "-Onone";
			};
			name = Debug;
		};
		3EF52D6C2848AEC8000F8222 /* Release */ = {
			isa = XCBuildConfiguration;
			buildSettings = {
				ALWAYS_SEARCH_USER_PATHS = NO;
				CLANG_ANALYZER_NONNULL = YES;
				CLANG_ANALYZER_NUMBER_OBJECT_CONVERSION = YES_AGGRESSIVE;
				CLANG_CXX_LANGUAGE_STANDARD = "gnu++17";
				CLANG_ENABLE_MODULES = YES;
				CLANG_ENABLE_OBJC_ARC = YES;
				CLANG_ENABLE_OBJC_WEAK = YES;
				CLANG_WARN_BLOCK_CAPTURE_AUTORELEASING = YES;
				CLANG_WARN_BOOL_CONVERSION = YES;
				CLANG_WARN_COMMA = YES;
				CLANG_WARN_CONSTANT_CONVERSION = YES;
				CLANG_WARN_DEPRECATED_OBJC_IMPLEMENTATIONS = YES;
				CLANG_WARN_DIRECT_OBJC_ISA_USAGE = YES_ERROR;
				CLANG_WARN_DOCUMENTATION_COMMENTS = YES;
				CLANG_WARN_EMPTY_BODY = YES;
				CLANG_WARN_ENUM_CONVERSION = YES;
				CLANG_WARN_INFINITE_RECURSION = YES;
				CLANG_WARN_INT_CONVERSION = YES;
				CLANG_WARN_NON_LITERAL_NULL_CONVERSION = YES;
				CLANG_WARN_OBJC_IMPLICIT_RETAIN_SELF = YES;
				CLANG_WARN_OBJC_LITERAL_CONVERSION = YES;
				CLANG_WARN_OBJC_ROOT_CLASS = YES_ERROR;
				CLANG_WARN_QUOTED_INCLUDE_IN_FRAMEWORK_HEADER = YES;
				CLANG_WARN_RANGE_LOOP_ANALYSIS = YES;
				CLANG_WARN_STRICT_PROTOTYPES = YES;
				CLANG_WARN_SUSPICIOUS_MOVE = YES;
				CLANG_WARN_UNGUARDED_AVAILABILITY = YES_AGGRESSIVE;
				CLANG_WARN_UNREACHABLE_CODE = YES;
				CLANG_WARN__DUPLICATE_METHOD_MATCH = YES;
				COPY_PHASE_STRIP = NO;
				DEBUG_INFORMATION_FORMAT = "dwarf-with-dsym";
				ENABLE_NS_ASSERTIONS = NO;
				ENABLE_STRICT_OBJC_MSGSEND = YES;
				GCC_C_LANGUAGE_STANDARD = gnu11;
				GCC_NO_COMMON_BLOCKS = YES;
				GCC_WARN_64_TO_32_BIT_CONVERSION = YES;
				GCC_WARN_ABOUT_RETURN_TYPE = YES_ERROR;
				GCC_WARN_UNDECLARED_SELECTOR = YES;
				GCC_WARN_UNINITIALIZED_AUTOS = YES_AGGRESSIVE;
				GCC_WARN_UNUSED_FUNCTION = YES;
				GCC_WARN_UNUSED_VARIABLE = YES;
				IPHONEOS_DEPLOYMENT_TARGET = 15.5;
				MTL_ENABLE_DEBUG_INFO = NO;
				MTL_FAST_MATH = YES;
				SDKROOT = iphoneos;
				SWIFT_COMPILATION_MODE = wholemodule;
				SWIFT_OPTIMIZATION_LEVEL = "-O";
				VALIDATE_PRODUCT = YES;
			};
			name = Release;
		};
		3EF52D6E2848AEC8000F8222 /* Debug */ = {
			isa = XCBuildConfiguration;
			buildSettings = {
				ASSETCATALOG_COMPILER_APPICON_NAME = AppIcon;
				ASSETCATALOG_COMPILER_GLOBAL_ACCENT_COLOR_NAME = AccentColor;
				CODE_SIGN_STYLE = Automatic;
				CURRENT_PROJECT_VERSION = 1;
				DEVELOPMENT_TEAM = QB4G3AY8F8;
				GENERATE_INFOPLIST_FILE = YES;
				INFOPLIST_FILE = "AnimationPlanner-Sample/Info.plist";
				INFOPLIST_KEY_UIApplicationSupportsIndirectInputEvents = YES;
				INFOPLIST_KEY_UILaunchStoryboardName = LaunchScreen;
				INFOPLIST_KEY_UIMainStoryboardFile = Main;
				INFOPLIST_KEY_UISupportedInterfaceOrientations_iPad = "UIInterfaceOrientationPortrait UIInterfaceOrientationPortraitUpsideDown UIInterfaceOrientationLandscapeLeft UIInterfaceOrientationLandscapeRight";
				INFOPLIST_KEY_UISupportedInterfaceOrientations_iPhone = "UIInterfaceOrientationPortrait UIInterfaceOrientationLandscapeLeft UIInterfaceOrientationLandscapeRight";
				LD_RUNPATH_SEARCH_PATHS = (
					"$(inherited)",
					"@executable_path/Frameworks",
				);
				MARKETING_VERSION = 1.0;
				PRODUCT_BUNDLE_IDENTIFIER = "nl.pixelrock.AnimationPlanner-Sample";
				PRODUCT_NAME = "$(TARGET_NAME)";
				SWIFT_EMIT_LOC_STRINGS = YES;
				SWIFT_VERSION = 5.0;
				TARGETED_DEVICE_FAMILY = "1,2";
			};
			name = Debug;
		};
		3EF52D6F2848AEC8000F8222 /* Release */ = {
			isa = XCBuildConfiguration;
			buildSettings = {
				ASSETCATALOG_COMPILER_APPICON_NAME = AppIcon;
				ASSETCATALOG_COMPILER_GLOBAL_ACCENT_COLOR_NAME = AccentColor;
				CODE_SIGN_STYLE = Automatic;
				CURRENT_PROJECT_VERSION = 1;
				DEVELOPMENT_TEAM = QB4G3AY8F8;
				GENERATE_INFOPLIST_FILE = YES;
				INFOPLIST_FILE = "AnimationPlanner-Sample/Info.plist";
				INFOPLIST_KEY_UIApplicationSupportsIndirectInputEvents = YES;
				INFOPLIST_KEY_UILaunchStoryboardName = LaunchScreen;
				INFOPLIST_KEY_UIMainStoryboardFile = Main;
				INFOPLIST_KEY_UISupportedInterfaceOrientations_iPad = "UIInterfaceOrientationPortrait UIInterfaceOrientationPortraitUpsideDown UIInterfaceOrientationLandscapeLeft UIInterfaceOrientationLandscapeRight";
				INFOPLIST_KEY_UISupportedInterfaceOrientations_iPhone = "UIInterfaceOrientationPortrait UIInterfaceOrientationLandscapeLeft UIInterfaceOrientationLandscapeRight";
				LD_RUNPATH_SEARCH_PATHS = (
					"$(inherited)",
					"@executable_path/Frameworks",
				);
				MARKETING_VERSION = 1.0;
				PRODUCT_BUNDLE_IDENTIFIER = "nl.pixelrock.AnimationPlanner-Sample";
				PRODUCT_NAME = "$(TARGET_NAME)";
				SWIFT_EMIT_LOC_STRINGS = YES;
				SWIFT_VERSION = 5.0;
				TARGETED_DEVICE_FAMILY = "1,2";
			};
			name = Release;
		};
/* End XCBuildConfiguration section */

/* Begin XCConfigurationList section */
		3EF52D542848AEC7000F8222 /* Build configuration list for PBXProject "AnimationPlanner-Sample" */ = {
			isa = XCConfigurationList;
			buildConfigurations = (
				3EF52D6B2848AEC8000F8222 /* Debug */,
				3EF52D6C2848AEC8000F8222 /* Release */,
			);
			defaultConfigurationIsVisible = 0;
			defaultConfigurationName = Release;
		};
		3EF52D6D2848AEC8000F8222 /* Build configuration list for PBXNativeTarget "AnimationPlanner-Sample" */ = {
			isa = XCConfigurationList;
			buildConfigurations = (
				3EF52D6E2848AEC8000F8222 /* Debug */,
				3EF52D6F2848AEC8000F8222 /* Release */,
			);
			defaultConfigurationIsVisible = 0;
			defaultConfigurationName = Release;
		};
/* End XCConfigurationList section */

/* Begin XCSwiftPackageProductDependency section */
		3E5C6DA42848B09000720FE8 /* AnimationPlanner */ = {
			isa = XCSwiftPackageProductDependency;
			productName = AnimationPlanner;
		};
/* End XCSwiftPackageProductDependency section */
	};
	rootObject = 3EF52D512848AEC7000F8222 /* Project object */;
}
